Microsoft Visual Studio Solution File, Format Version 10.00
# Visual Studio 2008
Project("{F184B08F-C81C-45F6-A57F-5ABD9991F28F}") = "PMSToMQ", "PMSToMQ.vbproj", "{F41026F0-22B3-4653-9714-067ACEDF225F}"
EndProject
Global
	GlobalSection(SolutionConfigurationPlatforms) = preSolution
		Debug|Default = Debug|Default
		Release|Default = Release|Default
	EndGlobalSection
	GlobalSection(ProjectConfigurationPlatforms) = postSolution
		{F41026F0-22B3-4653-9714-067ACEDF225F}.Debug|Default.ActiveCfg = Debug|Any CPU
		{F41026F0-22B3-4653-9714-067ACEDF225F}.Debug|Default.Build.0 = Debug|Any CPU
		{F41026F0-22B3-4653-9714-067ACEDF225F}.Release|Default.ActiveCfg = Release|Any CPU
		{F41026F0-22B3-4653-9714-067ACEDF225F}.Release|Default.Build.0 = Release|Any CPU
	EndGlobalSection
	GlobalSection(SolutionProperties) = preSolution
		HideSolutionNode = FALSE
	EndGlobalSection
EndGlobal
